// !$*UTF8*$!
{
	archiveVersion = 1;
	classes = {
	};
	objectVersion = 77;
	objects = {

/* Begin PBXBuildFile section */
		1CA7E03BDF32FB2D524313F9 /* Pods_Rizzradar.framework in Frameworks */ = {isa = PBXBuildFile; fileRef = 6FE12562A4CE067EB08E9391 /* Pods_Rizzradar.framework */; };
		BEA02ECEA572C2363F435676 /* Pods_RizzradarTests.framework in Frameworks */ = {isa = PBXBuildFile; fileRef = 5BF3624B6B607F2A415BCEB9 /* Pods_RizzradarTests.framework */; };
		E0A491C9A40912CB983A1F80 /* Pods_RizzradarUITests.framework in Frameworks */ = {isa = PBXBuildFile; fileRef = F201B1A31A1F50E2DBD34130 /* Pods_RizzradarUITests.framework */; };
/* End PBXBuildFile section */

/* Begin PBXContainerItemProxy section */
		9C5F4A952DA149EB00CC9332 /* PBXContainerItemProxy */ = {
			isa = PBXContainerItemProxy;
			containerPortal = 9C5F4A7C2DA149E900CC9332 /* Project object */;
			proxyType = 1;
			remoteGlobalIDString = 9C5F4A832DA149E900CC9332;
			remoteInfo = Rizzradar;
		};
		9C5F4A9F2DA149EB00CC9332 /* PBXContainerItemProxy */ = {
			isa = PBXContainerItemProxy;
			containerPortal = 9C5F4A7C2DA149E900CC9332 /* Project object */;
			proxyType = 1;
			remoteGlobalIDString = 9C5F4A832DA149E900CC9332;
			remoteInfo = Rizzradar;
		};
/* End PBXContainerItemProxy section */

/* Begin PBXFileReference section */
		1E4B3C7CEE7AE690EF26CC32 /* Pods-RizzradarUITests.debug.xcconfig */ = {isa = PBXFileReference; includeInIndex = 1; lastKnownFileType = text.xcconfig; name = "Pods-RizzradarUITests.debug.xcconfig"; path = "Target Support Files/Pods-RizzradarUITests/Pods-RizzradarUITests.debug.xcconfig"; sourceTree = "<group>"; };
		2762AE45193C8C3852CBBE30 /* Pods-RizzradarTests.release.xcconfig */ = {isa = PBXFileReference; includeInIndex = 1; lastKnownFileType = text.xcconfig; name = "Pods-RizzradarTests.release.xcconfig"; path = "Target Support Files/Pods-RizzradarTests/Pods-RizzradarTests.release.xcconfig"; sourceTree = "<group>"; };
		2C0FD0C7F129EBE16B83591A /* Pods-RizzradarUITests.release.xcconfig */ = {isa = PBXFileReference; includeInIndex = 1; lastKnownFileType = text.xcconfig; name = "Pods-RizzradarUITests.release.xcconfig"; path = "Target Support Files/Pods-RizzradarUITests/Pods-RizzradarUITests.release.xcconfig"; sourceTree = "<group>"; };
		5BF3624B6B607F2A415BCEB9 /* Pods_RizzradarTests.framework */ = {isa = PBXFileReference; explicitFileType = wrapper.framework; includeInIndex = 0; path = Pods_RizzradarTests.framework; sourceTree = BUILT_PRODUCTS_DIR; };
		6FE12562A4CE067EB08E9391 /* Pods_Rizzradar.framework */ = {isa = PBXFileReference; explicitFileType = wrapper.framework; includeInIndex = 0; path = Pods_Rizzradar.framework; sourceTree = BUILT_PRODUCTS_DIR; };
		75325322B9A87AD74E62E105 /* Pods-Rizzradar.debug.xcconfig */ = {isa = PBXFileReference; includeInIndex = 1; lastKnownFileType = text.xcconfig; name = "Pods-Rizzradar.debug.xcconfig"; path = "Target Support Files/Pods-Rizzradar/Pods-Rizzradar.debug.xcconfig"; sourceTree = "<group>"; };
		9C5F4A842DA149E900CC9332 /* Rizzradar.app */ = {isa = PBXFileReference; explicitFileType = wrapper.application; includeInIndex = 0; path = Rizzradar.app; sourceTree = BUILT_PRODUCTS_DIR; };
		9C5F4A942DA149EB00CC9332 /* RizzradarTests.xctest */ = {isa = PBXFileReference; explicitFileType = wrapper.cfbundle; includeInIndex = 0; path = RizzradarTests.xctest; sourceTree = BUILT_PRODUCTS_DIR; };
		9C5F4A9E2DA149EB00CC9332 /* RizzradarUITests.xctest */ = {isa = PBXFileReference; explicitFileType = wrapper.cfbundle; includeInIndex = 0; path = RizzradarUITests.xctest; sourceTree = BUILT_PRODUCTS_DIR; };
		9D0483DE4B0058FA297414DA /* Pods-Rizzradar.release.xcconfig */ = {isa = PBXFileReference; includeInIndex = 1; lastKnownFileType = text.xcconfig; name = "Pods-Rizzradar.release.xcconfig"; path = "Target Support Files/Pods-Rizzradar/Pods-Rizzradar.release.xcconfig"; sourceTree = "<group>"; };
		B8BD32EF61E9DF8A8EC26C22 /* Pods-RizzradarTests.debug.xcconfig */ = {isa = PBXFileReference; includeInIndex = 1; lastKnownFileType = text.xcconfig; name = "Pods-RizzradarTests.debug.xcconfig"; path = "Target Support Files/Pods-RizzradarTests/Pods-RizzradarTests.debug.xcconfig"; sourceTree = "<group>"; };
		F201B1A31A1F50E2DBD34130 /* Pods_RizzradarUITests.framework */ = {isa = PBXFileReference; explicitFileType = wrapper.framework; includeInIndex = 0; path = Pods_RizzradarUITests.framework; sourceTree = BUILT_PRODUCTS_DIR; };
/* End PBXFileReference section */

/* Begin PBXFileSystemSynchronizedBuildFileExceptionSet section */
		9C5F4AB82DA14B1200CC9332 /* Exceptions for "Rizzradar" folder in "Rizzradar" target */ = {
			isa = PBXFileSystemSynchronizedBuildFileExceptionSet;
			membershipExceptions = (
				Info.plist,
			);
			target = 9C5F4A832DA149E900CC9332 /* Rizzradar */;
		};
/* End PBXFileSystemSynchronizedBuildFileExceptionSet section */

/* Begin PBXFileSystemSynchronizedRootGroup section */
		9C5F4A862DA149E900CC9332 /* Rizzradar */ = {
			isa = PBXFileSystemSynchronizedRootGroup;
			exceptions = (
				9C5F4AB82DA14B1200CC9332 /* Exceptions for "Rizzradar" folder in "Rizzradar" target */,
			);
			path = Rizzradar;
			sourceTree = "<group>";
		};
		9C5F4A972DA149EB00CC9332 /* RizzradarTests */ = {
			isa = PBXFileSystemSynchronizedRootGroup;
			path = RizzradarTests;
			sourceTree = "<group>";
		};
		9C5F4AA12DA149EB00CC9332 /* RizzradarUITests */ = {
			isa = PBXFileSystemSynchronizedRootGroup;
			path = RizzradarUITests;
			sourceTree = "<group>";
		};
/* End PBXFileSystemSynchronizedRootGroup section */

/* Begin PBXFrameworksBuildPhase section */
		9C5F4A812DA149E900CC9332 /* Frameworks */ = {
			isa = PBXFrameworksBuildPhase;
			buildActionMask = 2147483647;
			files = (
				1CA7E03BDF32FB2D524313F9 /* Pods_Rizzradar.framework in Frameworks */,
			);
			runOnlyForDeploymentPostprocessing = 0;
		};
		9C5F4A912DA149EB00CC9332 /* Frameworks */ = {
			isa = PBXFrameworksBuildPhase;
			buildActionMask = 2147483647;
			files = (
				BEA02ECEA572C2363F435676 /* Pods_RizzradarTests.framework in Frameworks */,
			);
			runOnlyForDeploymentPostprocessing = 0;
		};
		9C5F4A9B2DA149EB00CC9332 /* Frameworks */ = {
			isa = PBXFrameworksBuildPhase;
			buildActionMask = 2147483647;
			files = (
				E0A491C9A40912CB983A1F80 /* Pods_RizzradarUITests.framework in Frameworks */,
			);
			runOnlyForDeploymentPostprocessing = 0;
		};
/* End PBXFrameworksBuildPhase section */

/* Begin PBXGroup section */
		90B4338438A961444E66B470 /* Pods */ = {
			isa = PBXGroup;
			children = (
				75325322B9A87AD74E62E105 /* Pods-Rizzradar.debug.xcconfig */,
				9D0483DE4B0058FA297414DA /* Pods-Rizzradar.release.xcconfig */,
				B8BD32EF61E9DF8A8EC26C22 /* Pods-RizzradarTests.debug.xcconfig */,
				2762AE45193C8C3852CBBE30 /* Pods-RizzradarTests.release.xcconfig */,
				1E4B3C7CEE7AE690EF26CC32 /* Pods-RizzradarUITests.debug.xcconfig */,
				2C0FD0C7F129EBE16B83591A /* Pods-RizzradarUITests.release.xcconfig */,
			);
			path = Pods;
			sourceTree = "<group>";
		};
		9C5F4A7B2DA149E900CC9332 = {
			isa = PBXGroup;
			children = (
				9C5F4A862DA149E900CC9332 /* Rizzradar */,
				9C5F4A972DA149EB00CC9332 /* RizzradarTests */,
				9C5F4AA12DA149EB00CC9332 /* RizzradarUITests */,
				9C5F4A852DA149E900CC9332 /* Products */,
				90B4338438A961444E66B470 /* Pods */,
				FCBD7205887C611FFD68AC23 /* Frameworks */,
			);
			sourceTree = "<group>";
		};
		9C5F4A852DA149E900CC9332 /* Products */ = {
			isa = PBXGroup;
			children = (
				9C5F4A842DA149E900CC9332 /* Rizzradar.app */,
				9C5F4A942DA149EB00CC9332 /* RizzradarTests.xctest */,
				9C5F4A9E2DA149EB00CC9332 /* RizzradarUITests.xctest */,
			);
			name = Products;
			sourceTree = "<group>";
		};
		FCBD7205887C611FFD68AC23 /* Frameworks */ = {
			isa = PBXGroup;
			children = (
				6FE12562A4CE067EB08E9391 /* Pods_Rizzradar.framework */,
				5BF3624B6B607F2A415BCEB9 /* Pods_RizzradarTests.framework */,
				F201B1A31A1F50E2DBD34130 /* Pods_RizzradarUITests.framework */,
			);
			name = Frameworks;
			sourceTree = "<group>";
		};
/* End PBXGroup section */

/* Begin PBXNativeTarget section */
		9C5F4A832DA149E900CC9332 /* Rizzradar */ = {
			isa = PBXNativeTarget;
			buildConfigurationList = 9C5F4AA82DA149EB00CC9332 /* Build configuration list for PBXNativeTarget "Rizzradar" */;
			buildPhases = (
				FF6CF778AE5F99BB58C89868 /* [CP] Check Pods Manifest.lock */,
				9C5F4A802DA149E900CC9332 /* Sources */,
				9C5F4A812DA149E900CC9332 /* Frameworks */,
				9C5F4A822DA149E900CC9332 /* Resources */,
				19B79A1D0FA4AE5861AC39EB /* [CP] Embed Pods Frameworks */,
			);
			buildRules = (
			);
			dependencies = (
			);
			fileSystemSynchronizedGroups = (
				9C5F4A862DA149E900CC9332 /* Rizzradar */,
			);
			name = Rizzradar;
			productName = Rizzradar;
			productReference = 9C5F4A842DA149E900CC9332 /* Rizzradar.app */;
			productType = "com.apple.product-type.application";
		};
		9C5F4A932DA149EB00CC9332 /* RizzradarTests */ = {
			isa = PBXNativeTarget;
			buildConfigurationList = 9C5F4AAB2DA149EB00CC9332 /* Build configuration list for PBXNativeTarget "RizzradarTests" */;
			buildPhases = (
				2959AE3C96061E7F9A1C128B /* [CP] Check Pods Manifest.lock */,
				9C5F4A902DA149EB00CC9332 /* Sources */,
				9C5F4A912DA149EB00CC9332 /* Frameworks */,
				9C5F4A922DA149EB00CC9332 /* Resources */,
			);
			buildRules = (
			);
			dependencies = (
				9C5F4A962DA149EB00CC9332 /* PBXTargetDependency */,
			);
			fileSystemSynchronizedGroups = (
				9C5F4A972DA149EB00CC9332 /* RizzradarTests */,
			);
			name = RizzradarTests;
			productName = RizzradarTests;
			productReference = 9C5F4A942DA149EB00CC9332 /* RizzradarTests.xctest */;
			productType = "com.apple.product-type.bundle.unit-test";
		};
		9C5F4A9D2DA149EB00CC9332 /* RizzradarUITests */ = {
			isa = PBXNativeTarget;
			buildConfigurationList = 9C5F4AAE2DA149EB00CC9332 /* Build configuration list for PBXNativeTarget "RizzradarUITests" */;
			buildPhases = (
				13DE73A0FE80EF7F05934D59 /* [CP] Check Pods Manifest.lock */,
				9C5F4A9A2DA149EB00CC9332 /* Sources */,
				9C5F4A9B2DA149EB00CC9332 /* Frameworks */,
				9C5F4A9C2DA149EB00CC9332 /* Resources */,
			);
			buildRules = (
			);
			dependencies = (
				9C5F4AA02DA149EB00CC9332 /* PBXTargetDependency */,
			);
			fileSystemSynchronizedGroups = (
				9C5F4AA12DA149EB00CC9332 /* RizzradarUITests */,
			);
			name = RizzradarUITests;
			productName = RizzradarUITests;
			productReference = 9C5F4A9E2DA149EB00CC9332 /* RizzradarUITests.xctest */;
			productType = "com.apple.product-type.bundle.ui-testing";
		};
/* End PBXNativeTarget section */

/* Begin PBXProject section */
		9C5F4A7C2DA149E900CC9332 /* Project object */ = {
			isa = PBXProject;
			attributes = {
				BuildIndependentTargetsInParallel = 1;
				LastSwiftUpdateCheck = 1620;
				LastUpgradeCheck = 1620;
				TargetAttributes = {
					9C5F4A832DA149E900CC9332 = {
						CreatedOnToolsVersion = 16.2;
					};
					9C5F4A932DA149EB00CC9332 = {
						CreatedOnToolsVersion = 16.2;
						TestTargetID = 9C5F4A832DA149E900CC9332;
					};
					9C5F4A9D2DA149EB00CC9332 = {
						CreatedOnToolsVersion = 16.2;
						TestTargetID = 9C5F4A832DA149E900CC9332;
					};
				};
			};
			buildConfigurationList = 9C5F4A7F2DA149E900CC9332 /* Build configuration list for PBXProject "Rizzradar" */;
			developmentRegion = en;
			hasScannedForEncodings = 0;
			knownRegions = (
				en,
				Base,
			);
			mainGroup = 9C5F4A7B2DA149E900CC9332;
			minimizedProjectReferenceProxies = 1;
			preferredProjectObjectVersion = 77;
			productRefGroup = 9C5F4A852DA149E900CC9332 /* Products */;
			projectDirPath = "";
			projectRoot = "";
			targets = (
				9C5F4A832DA149E900CC9332 /* Rizzradar */,
				9C5F4A932DA149EB00CC9332 /* RizzradarTests */,
				9C5F4A9D2DA149EB00CC9332 /* RizzradarUITests */,
			);
		};
/* End PBXProject section */

/* Begin PBXResourcesBuildPhase section */
		9C5F4A822DA149E900CC9332 /* Resources */ = {
			isa = PBXResourcesBuildPhase;
			buildActionMask = 2147483647;
			files = (
			);
			runOnlyForDeploymentPostprocessing = 0;
		};
		9C5F4A922DA149EB00CC9332 /* Resources */ = {
			isa = PBXResourcesBuildPhase;
			buildActionMask = 2147483647;
			files = (
			);
			runOnlyForDeploymentPostprocessing = 0;
		};
		9C5F4A9C2DA149EB00CC9332 /* Resources */ = {
			isa = PBXResourcesBuildPhase;
			buildActionMask = 2147483647;
			files = (
			);
			runOnlyForDeploymentPostprocessing = 0;
		};
/* End PBXResourcesBuildPhase section */

/* Begin PBXShellScriptBuildPhase section */
		13DE73A0FE80EF7F05934D59 /* [CP] Check Pods Manifest.lock */ = {
			isa = PBXShellScriptBuildPhase;
			buildActionMask = 2147483647;
			files = (
			);
			inputFileListPaths = (
			);
			inputPaths = (
				"${PODS_PODFILE_DIR_PATH}/Podfile.lock",
				"${PODS_ROOT}/Manifest.lock",
			);
			name = "[CP] Check Pods Manifest.lock";
			outputFileListPaths = (
			);
			outputPaths = (
				"$(DERIVED_FILE_DIR)/Pods-RizzradarUITests-checkManifestLockResult.txt",
			);
			runOnlyForDeploymentPostprocessing = 0;
			shellPath = /bin/sh;
			shellScript = "diff \"${PODS_PODFILE_DIR_PATH}/Podfile.lock\" \"${PODS_ROOT}/Manifest.lock\" > /dev/null\nif [ $? != 0 ] ; then\n    # print error to STDERR\n    echo \"error: The sandbox is not in sync with the Podfile.lock. Run 'pod install' or update your CocoaPods installation.\" >&2\n    exit 1\nfi\n# This output is used by Xcode 'outputs' to avoid re-running this script phase.\necho \"SUCCESS\" > \"${SCRIPT_OUTPUT_FILE_0}\"\n";
			showEnvVarsInLog = 0;
		};
		19B79A1D0FA4AE5861AC39EB /* [CP] Embed Pods Frameworks */ = {
			isa = PBXShellScriptBuildPhase;
			buildActionMask = 2147483647;
			files = (
			);
			inputFileListPaths = (
				"${PODS_ROOT}/Target Support Files/Pods-Rizzradar/Pods-Rizzradar-frameworks-${CONFIGURATION}-input-files.xcfilelist",
			);
			name = "[CP] Embed Pods Frameworks";
			outputFileListPaths = (
				"${PODS_ROOT}/Target Support Files/Pods-Rizzradar/Pods-Rizzradar-frameworks-${CONFIGURATION}-output-files.xcfilelist",
			);
			runOnlyForDeploymentPostprocessing = 0;
			shellPath = /bin/sh;
			shellScript = "\"${PODS_ROOT}/Target Support Files/Pods-Rizzradar/Pods-Rizzradar-frameworks.sh\"\n";
			showEnvVarsInLog = 0;
		};
		2959AE3C96061E7F9A1C128B /* [CP] Check Pods Manifest.lock */ = {
			isa = PBXShellScriptBuildPhase;
			buildActionMask = 2147483647;
			files = (
			);
			inputFileListPaths = (
			);
			inputPaths = (
				"${PODS_PODFILE_DIR_PATH}/Podfile.lock",
				"${PODS_ROOT}/Manifest.lock",
			);
			name = "[CP] Check Pods Manifest.lock";
			outputFileListPaths = (
			);
			outputPaths = (
				"$(DERIVED_FILE_DIR)/Pods-RizzradarTests-checkManifestLockResult.txt",
			);
			runOnlyForDeploymentPostprocessing = 0;
			shellPath = /bin/sh;
			shellScript = "diff \"${PODS_PODFILE_DIR_PATH}/Podfile.lock\" \"${PODS_ROOT}/Manifest.lock\" > /dev/null\nif [ $? != 0 ] ; then\n    # print error to STDERR\n    echo \"error: The sandbox is not in sync with the Podfile.lock. Run 'pod install' or update your CocoaPods installation.\" >&2\n    exit 1\nfi\n# This output is used by Xcode 'outputs' to avoid re-running this script phase.\necho \"SUCCESS\" > \"${SCRIPT_OUTPUT_FILE_0}\"\n";
			showEnvVarsInLog = 0;
		};
		FF6CF778AE5F99BB58C89868 /* [CP] Check Pods Manifest.lock */ = {
			isa = PBXShellScriptBuildPhase;
			buildActionMask = 2147483647;
			files = (
			);
			inputFileListPaths = (
			);
			inputPaths = (
				"${PODS_PODFILE_DIR_PATH}/Podfile.lock",
				"${PODS_ROOT}/Manifest.lock",
			);
			name = "[CP] Check Pods Manifest.lock";
			outputFileListPaths = (
			);
			outputPaths = (
				"$(DERIVED_FILE_DIR)/Pods-Rizzradar-checkManifestLockResult.txt",
			);
			runOnlyForDeploymentPostprocessing = 0;
			shellPath = /bin/sh;
			shellScript = "diff \"${PODS_PODFILE_DIR_PATH}/Podfile.lock\" \"${PODS_ROOT}/Manifest.lock\" > /dev/null\nif [ $? != 0 ] ; then\n    # print error to STDERR\n    echo \"error: The sandbox is not in sync with the Podfile.lock. Run 'pod install' or update your CocoaPods installation.\" >&2\n    exit 1\nfi\n# This output is used by Xcode 'outputs' to avoid re-running this script phase.\necho \"SUCCESS\" > \"${SCRIPT_OUTPUT_FILE_0}\"\n";
			showEnvVarsInLog = 0;
		};
/* End PBXShellScriptBuildPhase section */

/* Begin PBXSourcesBuildPhase section */
		9C5F4A802DA149E900CC9332 /* Sources */ = {
			isa = PBXSourcesBuildPhase;
			buildActionMask = 2147483647;
			files = (
			);
			runOnlyForDeploymentPostprocessing = 0;
		};
		9C5F4A902DA149EB00CC9332 /* Sources */ = {
			isa = PBXSourcesBuildPhase;
			buildActionMask = 2147483647;
			files = (
			);
			runOnlyForDeploymentPostprocessing = 0;
		};
		9C5F4A9A2DA149EB00CC9332 /* Sources */ = {
			isa = PBXSourcesBuildPhase;
			buildActionMask = 2147483647;
			files = (
			);
			runOnlyForDeploymentPostprocessing = 0;
		};
/* End PBXSourcesBuildPhase section */

/* Begin PBXTargetDependency section */
		9C5F4A962DA149EB00CC9332 /* PBXTargetDependency */ = {
			isa = PBXTargetDependency;
			target = 9C5F4A832DA149E900CC9332 /* Rizzradar */;
			targetProxy = 9C5F4A952DA149EB00CC9332 /* PBXContainerItemProxy */;
		};
		9C5F4AA02DA149EB00CC9332 /* PBXTargetDependency */ = {
			isa = PBXTargetDependency;
			target = 9C5F4A832DA149E900CC9332 /* Rizzradar */;
			targetProxy = 9C5F4A9F2DA149EB00CC9332 /* PBXContainerItemProxy */;
		};
/* End PBXTargetDependency section */

/* Begin XCBuildConfiguration section */
		9C5F4AA62DA149EB00CC9332 /* Debug */ = {
			isa = XCBuildConfiguration;
			buildSettings = {
				ALWAYS_SEARCH_USER_PATHS = NO;
				ASSETCATALOG_COMPILER_GENERATE_SWIFT_ASSET_SYMBOL_EXTENSIONS = YES;
				CLANG_ANALYZER_NONNULL = YES;
				CLANG_ANALYZER_NUMBER_OBJECT_CONVERSION = YES_AGGRESSIVE;
				CLANG_CXX_LANGUAGE_STANDARD = "gnu++20";
				CLANG_ENABLE_MODULES = YES;
				CLANG_ENABLE_OBJC_ARC = YES;
				CLANG_ENABLE_OBJC_WEAK = YES;
				CLANG_WARN_BLOCK_CAPTURE_AUTORELEASING = YES;
				CLANG_WARN_BOOL_CONVERSION = YES;
				CLANG_WARN_COMMA = YES;
				CLANG_WARN_CONSTANT_CONVERSION = YES;
				CLANG_WARN_DEPRECATED_OBJC_IMPLEMENTATIONS = YES;
				CLANG_WARN_DIRECT_OBJC_ISA_USAGE = YES_ERROR;
				CLANG_WARN_DOCUMENTATION_COMMENTS = YES;
				CLANG_WARN_EMPTY_BODY = YES;
				CLANG_WARN_ENUM_CONVERSION = YES;
				CLANG_WARN_INFINITE_RECURSION = YES;
				CLANG_WARN_INT_CONVERSION = YES;
				CLANG_WARN_NON_LITERAL_NULL_CONVERSION = YES;
				CLANG_WARN_OBJC_IMPLICIT_RETAIN_SELF = YES;
				CLANG_WARN_OBJC_LITERAL_CONVERSION = YES;
				CLANG_WARN_OBJC_ROOT_CLASS = YES_ERROR;
				CLANG_WARN_QUOTED_INCLUDE_IN_FRAMEWORK_HEADER = YES;
				CLANG_WARN_RANGE_LOOP_ANALYSIS = YES;
				CLANG_WARN_STRICT_PROTOTYPES = YES;
				CLANG_WARN_SUSPICIOUS_MOVE = YES;
				CLANG_WARN_UNGUARDED_AVAILABILITY = YES_AGGRESSIVE;
				CLANG_WARN_UNREACHABLE_CODE = YES;
				CLANG_WARN__DUPLICATE_METHOD_MATCH = YES;
				COPY_PHASE_STRIP = NO;
				DEBUG_INFORMATION_FORMAT = dwarf;
				ENABLE_STRICT_OBJC_MSGSEND = YES;
				ENABLE_TESTABILITY = YES;
				ENABLE_USER_SCRIPT_SANDBOXING = YES;
				GCC_C_LANGUAGE_STANDARD = gnu17;
				GCC_DYNAMIC_NO_PIC = NO;
				GCC_NO_COMMON_BLOCKS = YES;
				GCC_OPTIMIZATION_LEVEL = 0;
				GCC_PREPROCESSOR_DEFINITIONS = (
					"DEBUG=1",
					"$(inherited)",
				);
				GCC_WARN_64_TO_32_BIT_CONVERSION = YES;
				GCC_WARN_ABOUT_RETURN_TYPE = YES_ERROR;
				GCC_WARN_UNDECLARED_SELECTOR = YES;
				GCC_WARN_UNINITIALIZED_AUTOS = YES_AGGRESSIVE;
				GCC_WARN_UNUSED_FUNCTION = YES;
				GCC_WARN_UNUSED_VARIABLE = YES;
				IPHONEOS_DEPLOYMENT_TARGET = 18.2;
				LOCALIZATION_PREFERS_STRING_CATALOGS = YES;
				MTL_ENABLE_DEBUG_INFO = INCLUDE_SOURCE;
				MTL_FAST_MATH = YES;
				ONLY_ACTIVE_ARCH = YES;
				SDKROOT = iphoneos;
				SWIFT_ACTIVE_COMPILATION_CONDITIONS = "DEBUG $(inherited)";
				SWIFT_OPTIMIZATION_LEVEL = "-Onone";
			};
			name = Debug;
		};
		9C5F4AA72DA149EB00CC9332 /* Release */ = {
			isa = XCBuildConfiguration;
			buildSettings = {
				ALWAYS_SEARCH_USER_PATHS = NO;
				ASSETCATALOG_COMPILER_GENERATE_SWIFT_ASSET_SYMBOL_EXTENSIONS = YES;
				CLANG_ANALYZER_NONNULL = YES;
				CLANG_ANALYZER_NUMBER_OBJECT_CONVERSION = YES_AGGRESSIVE;
				CLANG_CXX_LANGUAGE_STANDARD = "gnu++20";
				CLANG_ENABLE_MODULES = YES;
				CLANG_ENABLE_OBJC_ARC = YES;
				CLANG_ENABLE_OBJC_WEAK = YES;
				CLANG_WARN_BLOCK_CAPTURE_AUTORELEASING = YES;
				CLANG_WARN_BOOL_CONVERSION = YES;
				CLANG_WARN_COMMA = YES;
				CLANG_WARN_CONSTANT_CONVERSION = YES;
				CLANG_WARN_DEPRECATED_OBJC_IMPLEMENTATIONS = YES;
				CLANG_WARN_DIRECT_OBJC_ISA_USAGE = YES_ERROR;
				CLANG_WARN_DOCUMENTATION_COMMENTS = YES;
				CLANG_WARN_EMPTY_BODY = YES;
				CLANG_WARN_ENUM_CONVERSION = YES;
				CLANG_WARN_INFINITE_RECURSION = YES;
				CLANG_WARN_INT_CONVERSION = YES;
				CLANG_WARN_NON_LITERAL_NULL_CONVERSION = YES;
				CLANG_WARN_OBJC_IMPLICIT_RETAIN_SELF = YES;
				CLANG_WARN_OBJC_LITERAL_CONVERSION = YES;
				CLANG_WARN_OBJC_ROOT_CLASS = YES_ERROR;
				CLANG_WARN_QUOTED_INCLUDE_IN_FRAMEWORK_HEADER = YES;
				CLANG_WARN_RANGE_LOOP_ANALYSIS = YES;
				CLANG_WARN_STRICT_PROTOTYPES = YES;
				CLANG_WARN_SUSPICIOUS_MOVE = YES;
				CLANG_WARN_UNGUARDED_AVAILABILITY = YES_AGGRESSIVE;
				CLANG_WARN_UNREACHABLE_CODE = YES;
				CLANG_WARN__DUPLICATE_METHOD_MATCH = YES;
				COPY_PHASE_STRIP = NO;
				DEBUG_INFORMATION_FORMAT = "dwarf-with-dsym";
				ENABLE_NS_ASSERTIONS = NO;
				ENABLE_STRICT_OBJC_MSGSEND = YES;
				ENABLE_USER_SCRIPT_SANDBOXING = YES;
				GCC_C_LANGUAGE_STANDARD = gnu17;
				GCC_NO_COMMON_BLOCKS = YES;
				GCC_WARN_64_TO_32_BIT_CONVERSION = YES;
				GCC_WARN_ABOUT_RETURN_TYPE = YES_ERROR;
				GCC_WARN_UNDECLARED_SELECTOR = YES;
				GCC_WARN_UNINITIALIZED_AUTOS = YES_AGGRESSIVE;
				GCC_WARN_UNUSED_FUNCTION = YES;
				GCC_WARN_UNUSED_VARIABLE = YES;
				IPHONEOS_DEPLOYMENT_TARGET = 18.2;
				LOCALIZATION_PREFERS_STRING_CATALOGS = YES;
				MTL_ENABLE_DEBUG_INFO = NO;
				MTL_FAST_MATH = YES;
				SDKROOT = iphoneos;
				SWIFT_COMPILATION_MODE = wholemodule;
				VALIDATE_PRODUCT = YES;
			};
			name = Release;
		};
		9C5F4AA92DA149EB00CC9332 /* Debug */ = {
			isa = XCBuildConfiguration;
			baseConfigurationReference = 75325322B9A87AD74E62E105 /* Pods-Rizzradar.debug.xcconfig */;
			buildSettings = {
				ASSETCATALOG_COMPILER_APPICON_NAME = AppIcon;
				ASSETCATALOG_COMPILER_GLOBAL_ACCENT_COLOR_NAME = AccentColor;
				CODE_SIGN_STYLE = Automatic;
				CURRENT_PROJECT_VERSION = 1;
				DEVELOPMENT_ASSET_PATHS = "\"Rizzradar/Preview Content\"";
				DEVELOPMENT_TEAM = G3QFND2Y25;
				ENABLE_PREVIEWS = YES;
				EXCLUDED_ARCHS = arm64;
				GENERATE_INFOPLIST_FILE = YES;
				INFOPLIST_FILE = Rizzradar/Info.plist;
				INFOPLIST_KEY_CFBundleDisplayName = Rizzradar;
				INFOPLIST_KEY_NSBluetoothAlwaysUsageDescription = "This app uses Bluetooth to find nearby friends.";
				INFOPLIST_KEY_NSBluetoothPeripheralUsageDescription = "This app uses Bluetooth to find nearby friends.";
				INFOPLIST_KEY_NSLocationWhenInUseUsageDescription = "This app uses your location to determine the direction of nearby friends.";
				INFOPLIST_KEY_UIApplicationSupportsIndirectInputEvents = YES;
				INFOPLIST_KEY_UILaunchScreen_Generation = YES;
				INFOPLIST_KEY_UISupportedInterfaceOrientations_iPad = "UIInterfaceOrientationPortrait UIInterfaceOrientationPortraitUpsideDown UIInterfaceOrientationLandscapeLeft UIInterfaceOrientationLandscapeRight";
				INFOPLIST_KEY_UISupportedInterfaceOrientations_iPhone = "UIInterfaceOrientationPortrait UIInterfaceOrientationLandscapeLeft UIInterfaceOrientationLandscapeRight";
				LD_RUNPATH_SEARCH_PATHS = (
					"$(inherited)",
					"@executable_path/Frameworks",
				);
				MARKETING_VERSION = 1.0;
				ONLY_ACTIVE_ARCH = YES;
				PRODUCT_BUNDLE_IDENTIFIER = rizz12.Rizzradar;
				PRODUCT_NAME = "$(TARGET_NAME)";
				SWIFT_EMIT_LOC_STRINGS = YES;
				SWIFT_VERSION = 5.0;
				TARGETED_DEVICE_FAMILY = "1,2";
			};
			name = Debug;
		};
		9C5F4AAA2DA149EB00CC9332 /* Release */ = {
			isa = XCBuildConfiguration;
			baseConfigurationReference = 9D0483DE4B0058FA297414DA /* Pods-Rizzradar.release.xcconfig */;
			buildSettings = {
				ASSETCATALOG_COMPILER_APPICON_NAME = AppIcon;
				ASSETCATALOG_COMPILER_GLOBAL_ACCENT_COLOR_NAME = AccentColor;
				CODE_SIGN_STYLE = Automatic;
				CURRENT_PROJECT_VERSION = 1;
				DEVELOPMENT_ASSET_PATHS = "\"Rizzradar/Preview Content\"";
				DEVELOPMENT_TEAM = G3QFND2Y25;
				ENABLE_PREVIEWS = YES;
				EXCLUDED_ARCHS = arm64;
				GENERATE_INFOPLIST_FILE = YES;
				INFOPLIST_FILE = Rizzradar/Info.plist;
				INFOPLIST_KEY_CFBundleDisplayName = Rizzradar;
				INFOPLIST_KEY_NSBluetoothAlwaysUsageDescription = "This app uses Bluetooth to find nearby friends.";
				INFOPLIST_KEY_NSBluetoothPeripheralUsageDescription = "This app uses Bluetooth to find nearby friends.";
				INFOPLIST_KEY_NSLocationWhenInUseUsageDescription = "This app uses your location to determine the direction of nearby friends.";
				INFOPLIST_KEY_UIApplicationSupportsIndirectInputEvents = YES;
				INFOPLIST_KEY_UILaunchScreen_Generation = YES;
				INFOPLIST_KEY_UISupportedInterfaceOrientations_iPad = "UIInterfaceOrientationPortrait UIInterfaceOrientationPortraitUpsideDown UIInterfaceOrientationLandscapeLeft UIInterfaceOrientationLandscapeRight";
				INFOPLIST_KEY_UISupportedInterfaceOrientations_iPhone = "UIInterfaceOrientationPortrait UIInterfaceOrientationLandscapeLeft UIInterfaceOrientationLandscapeRight";
				LD_RUNPATH_SEARCH_PATHS = (
					"$(inherited)",
					"@executable_path/Frameworks",
				);
				MARKETING_VERSION = 1.0;
				ONLY_ACTIVE_ARCH = YES;
				PRODUCT_BUNDLE_IDENTIFIER = rizz12.Rizzradar;
				PRODUCT_NAME = "$(TARGET_NAME)";
				SWIFT_EMIT_LOC_STRINGS = YES;
				SWIFT_VERSION = 5.0;
				TARGETED_DEVICE_FAMILY = "1,2";
			};
			name = Release;
		};
		9C5F4AAC2DA149EB00CC9332 /* Debug */ = {
			isa = XCBuildConfiguration;
			baseConfigurationReference = B8BD32EF61E9DF8A8EC26C22 /* Pods-RizzradarTests.debug.xcconfig */;
			buildSettings = {
				BUNDLE_LOADER = "$(TEST_HOST)";
				CODE_SIGN_STYLE = Automatic;
				CURRENT_PROJECT_VERSION = 1;
				DEVELOPMENT_TEAM = G3QFND2Y25;
				GENERATE_INFOPLIST_FILE = YES;
				IPHONEOS_DEPLOYMENT_TARGET = 18.2;
				MARKETING_VERSION = 1.0;
				PRODUCT_BUNDLE_IDENTIFIER = rizz.RizzradarTests;
				PRODUCT_NAME = "$(TARGET_NAME)";
				SWIFT_EMIT_LOC_STRINGS = NO;
				SWIFT_VERSION = 5.0;
				TARGETED_DEVICE_FAMILY = "1,2";
				TEST_HOST = "$(BUILT_PRODUCTS_DIR)/Rizzradar.app/$(BUNDLE_EXECUTABLE_FOLDER_PATH)/Rizzradar";
			};
			name = Debug;
		};
		9C5F4AAD2DA149EB00CC9332 /* Release */ = {
			isa = XCBuildConfiguration;
			baseConfigurationReference = 2762AE45193C8C3852CBBE30 /* Pods-RizzradarTests.release.xcconfig */;
			buildSettings = {
				BUNDLE_LOADER = "$(TEST_HOST)";
				CODE_SIGN_STYLE = Automatic;
				CURRENT_PROJECT_VERSION = 1;
				DEVELOPMENT_TEAM = G3QFND2Y25;
				GENERATE_INFOPLIST_FILE = YES;
				IPHONEOS_DEPLOYMENT_TARGET = 18.2;
				MARKETING_VERSION = 1.0;
				PRODUCT_BUNDLE_IDENTIFIER = rizz.RizzradarTests;
				PRODUCT_NAME = "$(TARGET_NAME)";
				SWIFT_EMIT_LOC_STRINGS = NO;
				SWIFT_VERSION = 5.0;
				TARGETED_DEVICE_FAMILY = "1,2";
				TEST_HOST = "$(BUILT_PRODUCTS_DIR)/Rizzradar.app/$(BUNDLE_EXECUTABLE_FOLDER_PATH)/Rizzradar";
			};
			name = Release;
		};
		9C5F4AAF2DA149EB00CC9332 /* Debug */ = {
			isa = XCBuildConfiguration;
			baseConfigurationReference = 1E4B3C7CEE7AE690EF26CC32 /* Pods-RizzradarUITests.debug.xcconfig */;
			buildSettings = {
				CODE_SIGN_STYLE = Automatic;
				CURRENT_PROJECT_VERSION = 1;
				DEVELOPMENT_TEAM = G3QFND2Y25;
				GENERATE_INFOPLIST_FILE = YES;
				MARKETING_VERSION = 1.0;
				PRODUCT_BUNDLE_IDENTIFIER = rizz.RizzradarUITests;
				PRODUCT_NAME = "$(TARGET_NAME)";
				SWIFT_EMIT_LOC_STRINGS = NO;
				SWIFT_VERSION = 5.0;
				TARGETED_DEVICE_FAMILY = "1,2";
				TEST_TARGET_NAME = Rizzradar;
			};
			name = Debug;
		};
		9C5F4AB02DA149EB00CC9332 /* Release */ = {
			isa = XCBuildConfiguration;
			baseConfigurationReference = 2C0FD0C7F129EBE16B83591A /* Pods-RizzradarUITests.release.xcconfig */;
			buildSettings = {
				CODE_SIGN_STYLE = Automatic;
				CURRENT_PROJECT_VERSION = 1;
				DEVELOPMENT_TEAM = G3QFND2Y25;
				GENERATE_INFOPLIST_FILE = YES;
				MARKETING_VERSION = 1.0;
				PRODUCT_BUNDLE_IDENTIFIER = rizz.RizzradarUITests;
				PRODUCT_NAME = "$(TARGET_NAME)";
				SWIFT_EMIT_LOC_STRINGS = NO;
				SWIFT_VERSION = 5.0;
				TARGETED_DEVICE_FAMILY = "1,2";
				TEST_TARGET_NAME = Rizzradar;
			};
			name = Release;
		};
/* End XCBuildConfiguration section */

/* Begin XCConfigurationList section */
		9C5F4A7F2DA149E900CC9332 /* Build configuration list for PBXProject "Rizzradar" */ = {
			isa = XCConfigurationList;
			buildConfigurations = (
				9C5F4AA62DA149EB00CC9332 /* Debug */,
				9C5F4AA72DA149EB00CC9332 /* Release */,
			);
			defaultConfigurationIsVisible = 0;
			defaultConfigurationName = Release;
		};
		9C5F4AA82DA149EB00CC9332 /* Build configuration list for PBXNativeTarget "Rizzradar" */ = {
			isa = XCConfigurationList;
			buildConfigurations = (
				9C5F4AA92DA149EB00CC9332 /* Debug */,
				9C5F4AAA2DA149EB00CC9332 /* Release */,
			);
			defaultConfigurationIsVisible = 0;
			defaultConfigurationName = Release;
		};
		9C5F4AAB2DA149EB00CC9332 /* Build configuration list for PBXNativeTarget "RizzradarTests" */ = {
			isa = XCConfigurationList;
			buildConfigurations = (
				9C5F4AAC2DA149EB00CC9332 /* Debug */,
				9C5F4AAD2DA149EB00CC9332 /* Release */,
			);
			defaultConfigurationIsVisible = 0;
			defaultConfigurationName = Release;
		};
		9C5F4AAE2DA149EB00CC9332 /* Build configuration list for PBXNativeTarget "RizzradarUITests" */ = {
			isa = XCConfigurationList;
			buildConfigurations = (
				9C5F4AAF2DA149EB00CC9332 /* Debug */,
				9C5F4AB02DA149EB00CC9332 /* Release */,
			);
			defaultConfigurationIsVisible = 0;
			defaultConfigurationName = Release;
		};
/* End XCConfigurationList section */
	};
	rootObject = 9C5F4A7C2DA149E900CC9332 /* Project object */;
}
